{
  "name": "paicoding-miniapp",
  "lockfileVersion": 3,
  "requires": true,
  "packages": {
    "": {
      "dependencies": {
        "tdesign-miniprogram": "^1.15.2"
      }
    },
    "node_modules/tdesign-miniprogram": {
      "version": "1.15.2",
      "resolved": "https://registry.npmjs.org/tdesign-miniprogram/-/tdesign-miniprogram-1.15.2.tgz",
      "integrity": "sha512-Yi2sPHMsWBDM+Au+J1uN/QSyXNeVIAmN8/N7tPrjuUorCSUSD8RKhILEOgRGGgOvMxZsp82EUZaaN1Zv5xPw1Q==",
      "license": "MIT"
    }
  }
}
