{
  "name": "paicoding-miniapp",
  "lockfileVersion": 3,
  "requires": true,
  "packages": {
    "": {
      "dependencies": {
        "mp-html": "^2.5.2",
        "tdesign-miniprogram": "^1.15.2"
      }
    },
    "node_modules/mp-html": {
      "version": "2.5.2",
      "resolved": "https://mirrors.tencent.com/npm/mp-html/-/mp-html-2.5.2.tgz",
      "integrity": "sha512-45e8c32Qgux4YU4iC3qCSFsOh3y+RwPwZ+iz/vvLkDgSGWk+1zsL4WUzWWQc9w3AsAfkaD/QR0oIufIDngBmXA==",
      "license": "MIT"
    },
    "node_modules/tdesign-miniprogram": {
      "version": "1.15.3",
      "resolved": "https://mirrors.tencent.com/npm/tdesign-miniprogram/-/tdesign-miniprogram-1.15.3.tgz",
      "integrity": "sha512-EtWrODktAHzHXqaTw2iahBx90EDWa/evtTh9wUOCPDAYEJKpLkjupCGqdRneup16x7s95N3LF0OUbITanm5lCw==",
      "license": "MIT"
    }
  }
}
